
Microsoft Visual Studio Solution File, Format Version 12.00
# Visual Studio Version 17
VisualStudioVersion = 17.3.32811.315
MinimumVisualStudioVersion = 10.0.40219.1
Project("{9A19103F-16F7-4668-BE54-9A1E7A4F7556}") = "GuessLoop", "GuessLoop\GuessLoop.csproj", "{7E90F085-9154-47A4-BCB6-0EF09F9C3A76}"
EndProject
Global
	GlobalSection(SolutionConfigurationPlatforms) = preSolution
		Debug|Any CPU = Debug|Any CPU
		Release|Any CPU = Release|Any CPU
	EndGlobalSection
	GlobalSection(ProjectConfigurationPlatforms) = postSolution
		{7E90F085-9154-47A4-BCB6-0EF09F9C3A76}.Debug|Any CPU.ActiveCfg = Debug|Any CPU
		{7E90F085-9154-47A4-BCB6-0EF09F9C3A76}.Debug|Any CPU.Build.0 = Debug|Any CPU
		{7E90F085-9154-47A4-BCB6-0EF09F9C3A76}.Release|Any CPU.ActiveCfg = Release|Any CPU
		{7E90F085-9154-47A4-BCB6-0EF09F9C3A76}.Release|Any CPU.Build.0 = Release|Any CPU
	EndGlobalSection
	GlobalSection(SolutionProperties) = preSolution
		HideSolutionNode = FALSE
	EndGlobalSection
	GlobalSection(ExtensibilityGlobals) = postSolution
		SolutionGuid = {5462E43E-6549-4630-A0F4-7595A2025B0B}
	EndGlobalSection
EndGlobal
